// !$*UTF8*$!
{
	archiveVersion = 1;
	classes = {
	};
	objectVersion = 56;
	objects = {

/* Begin PBXBuildFile section */
		60409F602CCCBA390037F993 /* ViewController+EXT.swift in Sources */ = {isa = PBXBuildFile; fileRef = 60409F5F2CCCBA390037F993 /* ViewController+EXT.swift */; };
		607BF45E2CCBBA3E00076067 /* RRTextButton.swift in Sources */ = {isa = PBXBuildFile; fileRef = 607BF45D2CCBBA3E00076067 /* RRTextButton.swift */; };
		607BF4602CCBBC9200076067 /* RRBodyLable.swift in Sources */ = {isa = PBXBuildFile; fileRef = 607BF45F2CCBBC9200076067 /* RRBodyLable.swift */; };
		607BF4622CCBC18600076067 /* SignUpViewController.swift in Sources */ = {isa = PBXBuildFile; fileRef = 607BF4612CCBC18600076067 /* SignUpViewController.swift */; };
		60C7D7712CC9FC5400D8B5D2 /* AppDelegate.swift in Sources */ = {isa = PBXBuildFile; fileRef = 60C7D7702CC9FC5400D8B5D2 /* AppDelegate.swift */; };
		60C7D7732CC9FC5400D8B5D2 /* SceneDelegate.swift in Sources */ = {isa = PBXBuildFile; fileRef = 60C7D7722CC9FC5400D8B5D2 /* SceneDelegate.swift */; };
		60C7D77A2CC9FC5500D8B5D2 /* Assets.xcassets in Resources */ = {isa = PBXBuildFile; fileRef = 60C7D7792CC9FC5500D8B5D2 /* Assets.xcassets */; };
		60C7D77D2CC9FC5500D8B5D2 /* LaunchScreen.storyboard in Resources */ = {isa = PBXBuildFile; fileRef = 60C7D77B2CC9FC5500D8B5D2 /* LaunchScreen.storyboard */; };
		60C7D7862CC9FFCD00D8B5D2 /* LoginViewController.swift in Sources */ = {isa = PBXBuildFile; fileRef = 60C7D7852CC9FFCD00D8B5D2 /* LoginViewController.swift */; };
		60C7D78B2CCA013A00D8B5D2 /* RRTextField.swift in Sources */ = {isa = PBXBuildFile; fileRef = 60C7D78A2CCA013A00D8B5D2 /* RRTextField.swift */; };
		60DB2CC52CCA0E6800D3D9FE /* RRErrorLabel.swift in Sources */ = {isa = PBXBuildFile; fileRef = 60DB2CC42CCA0E6800D3D9FE /* RRErrorLabel.swift */; };
		60DB2CC82CCA152200D3D9FE /* RRButton.swift in Sources */ = {isa = PBXBuildFile; fileRef = 60DB2CC72CCA152200D3D9FE /* RRButton.swift */; };
/* End PBXBuildFile section */

/* Begin PBXFileReference section */
		60409F5F2CCCBA390037F993 /* ViewController+EXT.swift */ = {isa = PBXFileReference; lastKnownFileType = sourcecode.swift; path = "ViewController+EXT.swift"; sourceTree = "<group>"; };
		607BF45D2CCBBA3E00076067 /* RRTextButton.swift */ = {isa = PBXFileReference; lastKnownFileType = sourcecode.swift; path = RRTextButton.swift; sourceTree = "<group>"; };
		607BF45F2CCBBC9200076067 /* RRBodyLable.swift */ = {isa = PBXFileReference; lastKnownFileType = sourcecode.swift; path = RRBodyLable.swift; sourceTree = "<group>"; };
		607BF4612CCBC18600076067 /* SignUpViewController.swift */ = {isa = PBXFileReference; lastKnownFileType = sourcecode.swift; path = SignUpViewController.swift; sourceTree = "<group>"; };
		60C7D76D2CC9FC5400D8B5D2 /* ProgrammaticRecipes.app */ = {isa = PBXFileReference; explicitFileType = wrapper.application; includeInIndex = 0; path = ProgrammaticRecipes.app; sourceTree = BUILT_PRODUCTS_DIR; };
		60C7D7702CC9FC5400D8B5D2 /* AppDelegate.swift */ = {isa = PBXFileReference; lastKnownFileType = sourcecode.swift; path = AppDelegate.swift; sourceTree = "<group>"; };
		60C7D7722CC9FC5400D8B5D2 /* SceneDelegate.swift */ = {isa = PBXFileReference; lastKnownFileType = sourcecode.swift; path = SceneDelegate.swift; sourceTree = "<group>"; };
		60C7D7792CC9FC5500D8B5D2 /* Assets.xcassets */ = {isa = PBXFileReference; lastKnownFileType = folder.assetcatalog; path = Assets.xcassets; sourceTree = "<group>"; };
		60C7D77C2CC9FC5500D8B5D2 /* Base */ = {isa = PBXFileReference; lastKnownFileType = file.storyboard; name = Base; path = Base.lproj/LaunchScreen.storyboard; sourceTree = "<group>"; };
		60C7D77E2CC9FC5500D8B5D2 /* Info.plist */ = {isa = PBXFileReference; lastKnownFileType = text.plist.xml; path = Info.plist; sourceTree = "<group>"; };
		60C7D7852CC9FFCD00D8B5D2 /* LoginViewController.swift */ = {isa = PBXFileReference; lastKnownFileType = sourcecode.swift; path = LoginViewController.swift; sourceTree = "<group>"; };
		60C7D78A2CCA013A00D8B5D2 /* RRTextField.swift */ = {isa = PBXFileReference; lastKnownFileType = sourcecode.swift; path = RRTextField.swift; sourceTree = "<group>"; };
		60DB2CC42CCA0E6800D3D9FE /* RRErrorLabel.swift */ = {isa = PBXFileReference; lastKnownFileType = sourcecode.swift; path = RRErrorLabel.swift; sourceTree = "<group>"; };
		60DB2CC72CCA152200D3D9FE /* RRButton.swift */ = {isa = PBXFileReference; lastKnownFileType = sourcecode.swift; path = RRButton.swift; sourceTree = "<group>"; };
/* End PBXFileReference section */

/* Begin PBXFrameworksBuildPhase section */
		60C7D76A2CC9FC5300D8B5D2 /* Frameworks */ = {
			isa = PBXFrameworksBuildPhase;
			buildActionMask = 2147483647;
			files = (
			);
			runOnlyForDeploymentPostprocessing = 0;
		};
/* End PBXFrameworksBuildPhase section */

/* Begin PBXGroup section */
		60409F5E2CCCBA140037F993 /* Extension */ = {
			isa = PBXGroup;
			children = (
				60409F5F2CCCBA390037F993 /* ViewController+EXT.swift */,
			);
			path = Extension;
			sourceTree = "<group>";
		};
		60C7D7642CC9FC5300D8B5D2 = {
			isa = PBXGroup;
			children = (
				60C7D76F2CC9FC5400D8B5D2 /* ProgrammaticRecipes */,
				60C7D76E2CC9FC5400D8B5D2 /* Products */,
			);
			sourceTree = "<group>";
		};
		60C7D76E2CC9FC5400D8B5D2 /* Products */ = {
			isa = PBXGroup;
			children = (
				60C7D76D2CC9FC5400D8B5D2 /* ProgrammaticRecipes.app */,
			);
			name = Products;
			sourceTree = "<group>";
		};
		60C7D76F2CC9FC5400D8B5D2 /* ProgrammaticRecipes */ = {
			isa = PBXGroup;
			children = (
				60409F5E2CCCBA140037F993 /* Extension */,
				60C7D7882CCA010F00D8B5D2 /* CustomsViews */,
				60C7D7872CC9FFEC00D8B5D2 /* Support */,
				60C7D7842CC9FF9800D8B5D2 /* Screens */,
				60C7D7792CC9FC5500D8B5D2 /* Assets.xcassets */,
				60C7D77E2CC9FC5500D8B5D2 /* Info.plist */,
			);
			path = ProgrammaticRecipes;
			sourceTree = "<group>";
		};
		60C7D7842CC9FF9800D8B5D2 /* Screens */ = {
			isa = PBXGroup;
			children = (
				60C7D7852CC9FFCD00D8B5D2 /* LoginViewController.swift */,
				607BF4612CCBC18600076067 /* SignUpViewController.swift */,
			);
			path = Screens;
			sourceTree = "<group>";
		};
		60C7D7872CC9FFEC00D8B5D2 /* Support */ = {
			isa = PBXGroup;
			children = (
				60C7D77B2CC9FC5500D8B5D2 /* LaunchScreen.storyboard */,
				60C7D7702CC9FC5400D8B5D2 /* AppDelegate.swift */,
				60C7D7722CC9FC5400D8B5D2 /* SceneDelegate.swift */,
			);
			path = Support;
			sourceTree = "<group>";
		};
		60C7D7882CCA010F00D8B5D2 /* CustomsViews */ = {
			isa = PBXGroup;
			children = (
				60DB2CC62CCA150900D3D9FE /* Button */,
				60DB2CC32CCA0E4400D3D9FE /* Label */,
				60C7D7892CCA011A00D8B5D2 /* TextField */,
			);
			path = CustomsViews;
			sourceTree = "<group>";
		};
		60C7D7892CCA011A00D8B5D2 /* TextField */ = {
			isa = PBXGroup;
			children = (
				60C7D78A2CCA013A00D8B5D2 /* RRTextField.swift */,
			);
			path = TextField;
			sourceTree = "<group>";
		};
		60DB2CC32CCA0E4400D3D9FE /* Label */ = {
			isa = PBXGroup;
			children = (
				60DB2CC42CCA0E6800D3D9FE /* RRErrorLabel.swift */,
				607BF45F2CCBBC9200076067 /* RRBodyLable.swift */,
			);
			path = Label;
			sourceTree = "<group>";
		};
		60DB2CC62CCA150900D3D9FE /* Button */ = {
			isa = PBXGroup;
			children = (
				60DB2CC72CCA152200D3D9FE /* RRButton.swift */,
				607BF45D2CCBBA3E00076067 /* RRTextButton.swift */,
			);
			path = Button;
			sourceTree = "<group>";
		};
/* End PBXGroup section */

/* Begin PBXNativeTarget section */
		60C7D76C2CC9FC5300D8B5D2 /* ProgrammaticRecipes */ = {
			isa = PBXNativeTarget;
			buildConfigurationList = 60C7D7812CC9FC5500D8B5D2 /* Build configuration list for PBXNativeTarget "ProgrammaticRecipes" */;
			buildPhases = (
				60C7D7692CC9FC5300D8B5D2 /* Sources */,
				60C7D76A2CC9FC5300D8B5D2 /* Frameworks */,
				60C7D76B2CC9FC5300D8B5D2 /* Resources */,
			);
			buildRules = (
			);
			dependencies = (
			);
			name = ProgrammaticRecipes;
			productName = ProgrammaticRecipes;
			productReference = 60C7D76D2CC9FC5400D8B5D2 /* ProgrammaticRecipes.app */;
			productType = "com.apple.product-type.application";
		};
/* End PBXNativeTarget section */

/* Begin PBXProject section */
		60C7D7652CC9FC5300D8B5D2 /* Project object */ = {
			isa = PBXProject;
			attributes = {
				BuildIndependentTargetsInParallel = 1;
				LastSwiftUpdateCheck = 1500;
				LastUpgradeCheck = 1500;
				TargetAttributes = {
					60C7D76C2CC9FC5300D8B5D2 = {
						CreatedOnToolsVersion = 15.0;
					};
				};
			};
			buildConfigurationList = 60C7D7682CC9FC5300D8B5D2 /* Build configuration list for PBXProject "ProgrammaticRecipes" */;
			compatibilityVersion = "Xcode 14.0";
			developmentRegion = en;
			hasScannedForEncodings = 0;
			knownRegions = (
				en,
				Base,
			);
			mainGroup = 60C7D7642CC9FC5300D8B5D2;
			productRefGroup = 60C7D76E2CC9FC5400D8B5D2 /* Products */;
			projectDirPath = "";
			projectRoot = "";
			targets = (
				60C7D76C2CC9FC5300D8B5D2 /* ProgrammaticRecipes */,
			);
		};
/* End PBXProject section */

/* Begin PBXResourcesBuildPhase section */
		60C7D76B2CC9FC5300D8B5D2 /* Resources */ = {
			isa = PBXResourcesBuildPhase;
			buildActionMask = 2147483647;
			files = (
				60C7D77D2CC9FC5500D8B5D2 /* LaunchScreen.storyboard in Resources */,
				60C7D77A2CC9FC5500D8B5D2 /* Assets.xcassets in Resources */,
			);
			runOnlyForDeploymentPostprocessing = 0;
		};
/* End PBXResourcesBuildPhase section */

/* Begin PBXSourcesBuildPhase section */
		60C7D7692CC9FC5300D8B5D2 /* Sources */ = {
			isa = PBXSourcesBuildPhase;
			buildActionMask = 2147483647;
			files = (
				60C7D7862CC9FFCD00D8B5D2 /* LoginViewController.swift in Sources */,
				60C7D78B2CCA013A00D8B5D2 /* RRTextField.swift in Sources */,
				60409F602CCCBA390037F993 /* ViewController+EXT.swift in Sources */,
				60C7D7712CC9FC5400D8B5D2 /* AppDelegate.swift in Sources */,
				60DB2CC52CCA0E6800D3D9FE /* RRErrorLabel.swift in Sources */,
				60C7D7732CC9FC5400D8B5D2 /* SceneDelegate.swift in Sources */,
				607BF45E2CCBBA3E00076067 /* RRTextButton.swift in Sources */,
				607BF4622CCBC18600076067 /* SignUpViewController.swift in Sources */,
				607BF4602CCBBC9200076067 /* RRBodyLable.swift in Sources */,
				60DB2CC82CCA152200D3D9FE /* RRButton.swift in Sources */,
			);
			runOnlyForDeploymentPostprocessing = 0;
		};
/* End PBXSourcesBuildPhase section */

/* Begin PBXVariantGroup section */
		60C7D77B2CC9FC5500D8B5D2 /* LaunchScreen.storyboard */ = {
			isa = PBXVariantGroup;
			children = (
				60C7D77C2CC9FC5500D8B5D2 /* Base */,
			);
			name = LaunchScreen.storyboard;
			sourceTree = "<group>";
		};
/* End PBXVariantGroup section */

/* Begin XCBuildConfiguration section */
		60C7D77F2CC9FC5500D8B5D2 /* Debug */ = {
			isa = XCBuildConfiguration;
			buildSettings = {
				ALWAYS_SEARCH_USER_PATHS = NO;
				ASSETCATALOG_COMPILER_GENERATE_SWIFT_ASSET_SYMBOL_EXTENSIONS = YES;
				CLANG_ANALYZER_NONNULL = YES;
				CLANG_ANALYZER_NUMBER_OBJECT_CONVERSION = YES_AGGRESSIVE;
				CLANG_CXX_LANGUAGE_STANDARD = "gnu++20";
				CLANG_ENABLE_MODULES = YES;
				CLANG_ENABLE_OBJC_ARC = YES;
				CLANG_ENABLE_OBJC_WEAK = YES;
				CLANG_WARN_BLOCK_CAPTURE_AUTORELEASING = YES;
				CLANG_WARN_BOOL_CONVERSION = YES;
				CLANG_WARN_COMMA = YES;
				CLANG_WARN_CONSTANT_CONVERSION = YES;
				CLANG_WARN_DEPRECATED_OBJC_IMPLEMENTATIONS = YES;
				CLANG_WARN_DIRECT_OBJC_ISA_USAGE = YES_ERROR;
				CLANG_WARN_DOCUMENTATION_COMMENTS = YES;
				CLANG_WARN_EMPTY_BODY = YES;
				CLANG_WARN_ENUM_CONVERSION = YES;
				CLANG_WARN_INFINITE_RECURSION = YES;
				CLANG_WARN_INT_CONVERSION = YES;
				CLANG_WARN_NON_LITERAL_NULL_CONVERSION = YES;
				CLANG_WARN_OBJC_IMPLICIT_RETAIN_SELF = YES;
				CLANG_WARN_OBJC_LITERAL_CONVERSION = YES;
				CLANG_WARN_OBJC_ROOT_CLASS = YES_ERROR;
				CLANG_WARN_QUOTED_INCLUDE_IN_FRAMEWORK_HEADER = YES;
				CLANG_WARN_RANGE_LOOP_ANALYSIS = YES;
				CLANG_WARN_STRICT_PROTOTYPES = YES;
				CLANG_WARN_SUSPICIOUS_MOVE = YES;
				CLANG_WARN_UNGUARDED_AVAILABILITY = YES_AGGRESSIVE;
				CLANG_WARN_UNREACHABLE_CODE = YES;
				CLANG_WARN__DUPLICATE_METHOD_MATCH = YES;
				COPY_PHASE_STRIP = NO;
				DEBUG_INFORMATION_FORMAT = dwarf;
				ENABLE_STRICT_OBJC_MSGSEND = YES;
				ENABLE_TESTABILITY = YES;
				ENABLE_USER_SCRIPT_SANDBOXING = YES;
				GCC_C_LANGUAGE_STANDARD = gnu17;
				GCC_DYNAMIC_NO_PIC = NO;
				GCC_NO_COMMON_BLOCKS = YES;
				GCC_OPTIMIZATION_LEVEL = 0;
				GCC_PREPROCESSOR_DEFINITIONS = (
					"DEBUG=1",
					"$(inherited)",
				);
				GCC_WARN_64_TO_32_BIT_CONVERSION = YES;
				GCC_WARN_ABOUT_RETURN_TYPE = YES_ERROR;
				GCC_WARN_UNDECLARED_SELECTOR = YES;
				GCC_WARN_UNINITIALIZED_AUTOS = YES_AGGRESSIVE;
				GCC_WARN_UNUSED_FUNCTION = YES;
				GCC_WARN_UNUSED_VARIABLE = YES;
				IPHONEOS_DEPLOYMENT_TARGET = 17.0;
				LOCALIZATION_PREFERS_STRING_CATALOGS = YES;
				MTL_ENABLE_DEBUG_INFO = INCLUDE_SOURCE;
				MTL_FAST_MATH = YES;
				ONLY_ACTIVE_ARCH = YES;
				SDKROOT = iphoneos;
				SWIFT_ACTIVE_COMPILATION_CONDITIONS = "DEBUG $(inherited)";
				SWIFT_OPTIMIZATION_LEVEL = "-Onone";
			};
			name = Debug;
		};
		60C7D7802CC9FC5500D8B5D2 /* Release */ = {
			isa = XCBuildConfiguration;
			buildSettings = {
				ALWAYS_SEARCH_USER_PATHS = NO;
				ASSETCATALOG_COMPILER_GENERATE_SWIFT_ASSET_SYMBOL_EXTENSIONS = YES;
				CLANG_ANALYZER_NONNULL = YES;
				CLANG_ANALYZER_NUMBER_OBJECT_CONVERSION = YES_AGGRESSIVE;
				CLANG_CXX_LANGUAGE_STANDARD = "gnu++20";
				CLANG_ENABLE_MODULES = YES;
				CLANG_ENABLE_OBJC_ARC = YES;
				CLANG_ENABLE_OBJC_WEAK = YES;
				CLANG_WARN_BLOCK_CAPTURE_AUTORELEASING = YES;
				CLANG_WARN_BOOL_CONVERSION = YES;
				CLANG_WARN_COMMA = YES;
				CLANG_WARN_CONSTANT_CONVERSION = YES;
				CLANG_WARN_DEPRECATED_OBJC_IMPLEMENTATIONS = YES;
				CLANG_WARN_DIRECT_OBJC_ISA_USAGE = YES_ERROR;
				CLANG_WARN_DOCUMENTATION_COMMENTS = YES;
				CLANG_WARN_EMPTY_BODY = YES;
				CLANG_WARN_ENUM_CONVERSION = YES;
				CLANG_WARN_INFINITE_RECURSION = YES;
				CLANG_WARN_INT_CONVERSION = YES;
				CLANG_WARN_NON_LITERAL_NULL_CONVERSION = YES;
				CLANG_WARN_OBJC_IMPLICIT_RETAIN_SELF = YES;
				CLANG_WARN_OBJC_LITERAL_CONVERSION = YES;
				CLANG_WARN_OBJC_ROOT_CLASS = YES_ERROR;
				CLANG_WARN_QUOTED_INCLUDE_IN_FRAMEWORK_HEADER = YES;
				CLANG_WARN_RANGE_LOOP_ANALYSIS = YES;
				CLANG_WARN_STRICT_PROTOTYPES = YES;
				CLANG_WARN_SUSPICIOUS_MOVE = YES;
				CLANG_WARN_UNGUARDED_AVAILABILITY = YES_AGGRESSIVE;
				CLANG_WARN_UNREACHABLE_CODE = YES;
				CLANG_WARN__DUPLICATE_METHOD_MATCH = YES;
				COPY_PHASE_STRIP = NO;
				DEBUG_INFORMATION_FORMAT = "dwarf-with-dsym";
				ENABLE_NS_ASSERTIONS = NO;
				ENABLE_STRICT_OBJC_MSGSEND = YES;
				ENABLE_USER_SCRIPT_SANDBOXING = YES;
				GCC_C_LANGUAGE_STANDARD = gnu17;
				GCC_NO_COMMON_BLOCKS = YES;
				GCC_WARN_64_TO_32_BIT_CONVERSION = YES;
				GCC_WARN_ABOUT_RETURN_TYPE = YES_ERROR;
				GCC_WARN_UNDECLARED_SELECTOR = YES;
				GCC_WARN_UNINITIALIZED_AUTOS = YES_AGGRESSIVE;
				GCC_WARN_UNUSED_FUNCTION = YES;
				GCC_WARN_UNUSED_VARIABLE = YES;
				IPHONEOS_DEPLOYMENT_TARGET = 17.0;
				LOCALIZATION_PREFERS_STRING_CATALOGS = YES;
				MTL_ENABLE_DEBUG_INFO = NO;
				MTL_FAST_MATH = YES;
				SDKROOT = iphoneos;
				SWIFT_COMPILATION_MODE = wholemodule;
				VALIDATE_PRODUCT = YES;
			};
			name = Release;
		};
		60C7D7822CC9FC5500D8B5D2 /* Debug */ = {
			isa = XCBuildConfiguration;
			buildSettings = {
				ASSETCATALOG_COMPILER_APPICON_NAME = AppIcon;
				ASSETCATALOG_COMPILER_GLOBAL_ACCENT_COLOR_NAME = AccentColor;
				CODE_SIGN_STYLE = Automatic;
				CURRENT_PROJECT_VERSION = 1;
				GENERATE_INFOPLIST_FILE = YES;
				INFOPLIST_FILE = ProgrammaticRecipes/Info.plist;
				INFOPLIST_KEY_UIApplicationSupportsIndirectInputEvents = YES;
				INFOPLIST_KEY_UILaunchStoryboardName = LaunchScreen;
				INFOPLIST_KEY_UISupportedInterfaceOrientations_iPad = "UIInterfaceOrientationPortrait UIInterfaceOrientationPortraitUpsideDown UIInterfaceOrientationLandscapeLeft UIInterfaceOrientationLandscapeRight";
				INFOPLIST_KEY_UISupportedInterfaceOrientations_iPhone = "UIInterfaceOrientationPortrait UIInterfaceOrientationLandscapeLeft UIInterfaceOrientationLandscapeRight";
				LD_RUNPATH_SEARCH_PATHS = (
					"$(inherited)",
					"@executable_path/Frameworks",
				);
				MARKETING_VERSION = 1.0;
				PRODUCT_BUNDLE_IDENTIFIER = "com.mukund-vaghasiya.ProgrammaticRecipes";
				PRODUCT_NAME = "$(TARGET_NAME)";
				SWIFT_EMIT_LOC_STRINGS = YES;
				SWIFT_VERSION = 5.0;
				TARGETED_DEVICE_FAMILY = "1,2";
			};
			name = Debug;
		};
		60C7D7832CC9FC5500D8B5D2 /* Release */ = {
			isa = XCBuildConfiguration;
			buildSettings = {
				ASSETCATALOG_COMPILER_APPICON_NAME = AppIcon;
				ASSETCATALOG_COMPILER_GLOBAL_ACCENT_COLOR_NAME = AccentColor;
				CODE_SIGN_STYLE = Automatic;
				CURRENT_PROJECT_VERSION = 1;
				GENERATE_INFOPLIST_FILE = YES;
				INFOPLIST_FILE = ProgrammaticRecipes/Info.plist;
				INFOPLIST_KEY_UIApplicationSupportsIndirectInputEvents = YES;
				INFOPLIST_KEY_UILaunchStoryboardName = LaunchScreen;
				INFOPLIST_KEY_UISupportedInterfaceOrientations_iPad = "UIInterfaceOrientationPortrait UIInterfaceOrientationPortraitUpsideDown UIInterfaceOrientationLandscapeLeft UIInterfaceOrientationLandscapeRight";
				INFOPLIST_KEY_UISupportedInterfaceOrientations_iPhone = "UIInterfaceOrientationPortrait UIInterfaceOrientationLandscapeLeft UIInterfaceOrientationLandscapeRight";
				LD_RUNPATH_SEARCH_PATHS = (
					"$(inherited)",
					"@executable_path/Frameworks",
				);
				MARKETING_VERSION = 1.0;
				PRODUCT_BUNDLE_IDENTIFIER = "com.mukund-vaghasiya.ProgrammaticRecipes";
				PRODUCT_NAME = "$(TARGET_NAME)";
				SWIFT_EMIT_LOC_STRINGS = YES;
				SWIFT_VERSION = 5.0;
				TARGETED_DEVICE_FAMILY = "1,2";
			};
			name = Release;
		};
/* End XCBuildConfiguration section */

/* Begin XCConfigurationList section */
		60C7D7682CC9FC5300D8B5D2 /* Build configuration list for PBXProject "ProgrammaticRecipes" */ = {
			isa = XCConfigurationList;
			buildConfigurations = (
				60C7D77F2CC9FC5500D8B5D2 /* Debug */,
				60C7D7802CC9FC5500D8B5D2 /* Release */,
			);
			defaultConfigurationIsVisible = 0;
			defaultConfigurationName = Release;
		};
		60C7D7812CC9FC5500D8B5D2 /* Build configuration list for PBXNativeTarget "ProgrammaticRecipes" */ = {
			isa = XCConfigurationList;
			buildConfigurations = (
				60C7D7822CC9FC5500D8B5D2 /* Debug */,
				60C7D7832CC9FC5500D8B5D2 /* Release */,
			);
			defaultConfigurationIsVisible = 0;
			defaultConfigurationName = Release;
		};
/* End XCConfigurationList section */
	};
	rootObject = 60C7D7652CC9FC5300D8B5D2 /* Project object */;
}
